
Microsoft Visual Studio Solution File, Format Version 12.00
# Visual Studio Version 17
VisualStudioVersion = 17.0.31903.59
MinimumVisualStudioVersion = 10.0.40219.1
Project("{FAE04EC0-301F-11D3-BF4B-00C04F79EFBC}") = "WebhookInbox.Api", "src\WebhookInbox.Api\WebhookInbox.Api.csproj", "{CDA80B57-7D91-35C6-E302-122819F4F514}"
EndProject
Project("{2150E333-8FDC-42A3-9474-1A3956D46DE8}") = "src", "src", "{02EA681E-C7D8-13C7-8484-4AC65E1B71E8}"
EndProject
Project("{2150E333-8FDC-42A3-9474-1A3956D46DE8}") = "tests", "tests", "{CA655281-0D61-4F19-BD47-0435228079BC}"
EndProject
Project("{FAE04EC0-301F-11D3-BF4B-00C04F79EFBC}") = "WebhookInbox.IntegrationTests", "tests\WebhookInbox.IntegrationTests\WebhookInbox.IntegrationTests.csproj", "{A5E57094-A5A8-4B01-AA38-402909D66928}"
EndProject
Project("{FAE04EC0-301F-11D3-BF4B-00C04F79EFBC}") = "WebhookInbox.Domain", "src\WebhookInbox.Domain\WebhookInbox.Domain.csproj", "{5053A9E4-C681-83FE-AEB5-9E7AE482F43E}"
EndProject
Project("{FAE04EC0-301F-11D3-BF4B-00C04F79EFBC}") = "WebhookInbox.Infrastructure", "src\WebhookInbox.Infrastructure\WebhookInbox.Infrastructure.csproj", "{50E4B9FA-ABF2-3822-EAB1-3D679F45A0D8}"
EndProject
Project("{FAE04EC0-301F-11D3-BF4B-00C04F79EFBC}") = "WebhookInbox.Worker", "src\WebhookInbox.Worker\WebhookInbox.Worker.csproj", "{3F08E638-3827-F95D-4658-391884846A46}"
EndProject
Project("{FAE04EC0-301F-11D3-BF4B-00C04F79EFBC}") = "WebhookInbox.UI", "src\WebhookInbox.UI\WebhookInbox.UI.csproj", "{1CAB1398-DFA1-545D-9790-11D6316D35F9}"
EndProject
Project("{FAE04EC0-301F-11D3-BF4B-00C04F79EFBC}") = "WebhookInbox.LoadTest", "src\WebhookInbox.LoadTest\WebhookInbox.LoadTest.csproj", "{9BD1506C-4C77-40A3-919C-161BD04783DD}"
EndProject
Global
	GlobalSection(SolutionConfigurationPlatforms) = preSolution
		Debug|Any CPU = Debug|Any CPU
		Debug|x64 = Debug|x64
		Debug|x86 = Debug|x86
		Release|Any CPU = Release|Any CPU
		Release|x64 = Release|x64
		Release|x86 = Release|x86
	EndGlobalSection
	GlobalSection(ProjectConfigurationPlatforms) = postSolution
		{CDA80B57-7D91-35C6-E302-122819F4F514}.Debug|Any CPU.ActiveCfg = Debug|Any CPU
		{CDA80B57-7D91-35C6-E302-122819F4F514}.Debug|Any CPU.Build.0 = Debug|Any CPU
		{CDA80B57-7D91-35C6-E302-122819F4F514}.Debug|x64.ActiveCfg = Debug|Any CPU
		{CDA80B57-7D91-35C6-E302-122819F4F514}.Debug|x64.Build.0 = Debug|Any CPU
		{CDA80B57-7D91-35C6-E302-122819F4F514}.Debug|x86.ActiveCfg = Debug|Any CPU
		{CDA80B57-7D91-35C6-E302-122819F4F514}.Debug|x86.Build.0 = Debug|Any CPU
		{CDA80B57-7D91-35C6-E302-122819F4F514}.Release|Any CPU.ActiveCfg = Release|Any CPU
		{CDA80B57-7D91-35C6-E302-122819F4F514}.Release|Any CPU.Build.0 = Release|Any CPU
		{CDA80B57-7D91-35C6-E302-122819F4F514}.Release|x64.ActiveCfg = Release|Any CPU
		{CDA80B57-7D91-35C6-E302-122819F4F514}.Release|x64.Build.0 = Release|Any CPU
		{CDA80B57-7D91-35C6-E302-122819F4F514}.Release|x86.ActiveCfg = Release|Any CPU
		{CDA80B57-7D91-35C6-E302-122819F4F514}.Release|x86.Build.0 = Release|Any CPU
		{A5E57094-A5A8-4B01-AA38-402909D66928}.Debug|Any CPU.ActiveCfg = Debug|Any CPU
		{A5E57094-A5A8-4B01-AA38-402909D66928}.Debug|Any CPU.Build.0 = Debug|Any CPU
		{A5E57094-A5A8-4B01-AA38-402909D66928}.Debug|x64.ActiveCfg = Debug|Any CPU
		{A5E57094-A5A8-4B01-AA38-402909D66928}.Debug|x64.Build.0 = Debug|Any CPU
		{A5E57094-A5A8-4B01-AA38-402909D66928}.Debug|x86.ActiveCfg = Debug|Any CPU
		{A5E57094-A5A8-4B01-AA38-402909D66928}.Debug|x86.Build.0 = Debug|Any CPU
		{A5E57094-A5A8-4B01-AA38-402909D66928}.Release|Any CPU.ActiveCfg = Release|Any CPU
		{A5E57094-A5A8-4B01-AA38-402909D66928}.Release|Any CPU.Build.0 = Release|Any CPU
		{A5E57094-A5A8-4B01-AA38-402909D66928}.Release|x64.ActiveCfg = Release|Any CPU
		{A5E57094-A5A8-4B01-AA38-402909D66928}.Release|x64.Build.0 = Release|Any CPU
		{A5E57094-A5A8-4B01-AA38-402909D66928}.Release|x86.ActiveCfg = Release|Any CPU
		{A5E57094-A5A8-4B01-AA38-402909D66928}.Release|x86.Build.0 = Release|Any CPU
		{5053A9E4-C681-83FE-AEB5-9E7AE482F43E}.Debug|Any CPU.ActiveCfg = Debug|Any CPU
		{5053A9E4-C681-83FE-AEB5-9E7AE482F43E}.Debug|Any CPU.Build.0 = Debug|Any CPU
		{5053A9E4-C681-83FE-AEB5-9E7AE482F43E}.Debug|x64.ActiveCfg = Debug|Any CPU
		{5053A9E4-C681-83FE-AEB5-9E7AE482F43E}.Debug|x64.Build.0 = Debug|Any CPU
		{5053A9E4-C681-83FE-AEB5-9E7AE482F43E}.Debug|x86.ActiveCfg = Debug|Any CPU
		{5053A9E4-C681-83FE-AEB5-9E7AE482F43E}.Debug|x86.Build.0 = Debug|Any CPU
		{5053A9E4-C681-83FE-AEB5-9E7AE482F43E}.Release|Any CPU.ActiveCfg = Release|Any CPU
		{5053A9E4-C681-83FE-AEB5-9E7AE482F43E}.Release|Any CPU.Build.0 = Release|Any CPU
		{5053A9E4-C681-83FE-AEB5-9E7AE482F43E}.Release|x64.ActiveCfg = Release|Any CPU
		{5053A9E4-C681-83FE-AEB5-9E7AE482F43E}.Release|x64.Build.0 = Release|Any CPU
		{5053A9E4-C681-83FE-AEB5-9E7AE482F43E}.Release|x86.ActiveCfg = Release|Any CPU
		{5053A9E4-C681-83FE-AEB5-9E7AE482F43E}.Release|x86.Build.0 = Release|Any CPU
		{50E4B9FA-ABF2-3822-EAB1-3D679F45A0D8}.Debug|Any CPU.ActiveCfg = Debug|Any CPU
		{50E4B9FA-ABF2-3822-EAB1-3D679F45A0D8}.Debug|Any CPU.Build.0 = Debug|Any CPU
		{50E4B9FA-ABF2-3822-EAB1-3D679F45A0D8}.Debug|x64.ActiveCfg = Debug|Any CPU
		{50E4B9FA-ABF2-3822-EAB1-3D679F45A0D8}.Debug|x64.Build.0 = Debug|Any CPU
		{50E4B9FA-ABF2-3822-EAB1-3D679F45A0D8}.Debug|x86.ActiveCfg = Debug|Any CPU
		{50E4B9FA-ABF2-3822-EAB1-3D679F45A0D8}.Debug|x86.Build.0 = Debug|Any CPU
		{50E4B9FA-ABF2-3822-EAB1-3D679F45A0D8}.Release|Any CPU.ActiveCfg = Release|Any CPU
		{50E4B9FA-ABF2-3822-EAB1-3D679F45A0D8}.Release|Any CPU.Build.0 = Release|Any CPU
		{50E4B9FA-ABF2-3822-EAB1-3D679F45A0D8}.Release|x64.ActiveCfg = Release|Any CPU
		{50E4B9FA-ABF2-3822-EAB1-3D679F45A0D8}.Release|x64.Build.0 = Release|Any CPU
		{50E4B9FA-ABF2-3822-EAB1-3D679F45A0D8}.Release|x86.ActiveCfg = Release|Any CPU
		{50E4B9FA-ABF2-3822-EAB1-3D679F45A0D8}.Release|x86.Build.0 = Release|Any CPU
		{3F08E638-3827-F95D-4658-391884846A46}.Debug|Any CPU.ActiveCfg = Debug|Any CPU
		{3F08E638-3827-F95D-4658-391884846A46}.Debug|Any CPU.Build.0 = Debug|Any CPU
		{3F08E638-3827-F95D-4658-391884846A46}.Debug|x64.ActiveCfg = Debug|Any CPU
		{3F08E638-3827-F95D-4658-391884846A46}.Debug|x64.Build.0 = Debug|Any CPU
		{3F08E638-3827-F95D-4658-391884846A46}.Debug|x86.ActiveCfg = Debug|Any CPU
		{3F08E638-3827-F95D-4658-391884846A46}.Debug|x86.Build.0 = Debug|Any CPU
		{3F08E638-3827-F95D-4658-391884846A46}.Release|Any CPU.ActiveCfg = Release|Any CPU
		{3F08E638-3827-F95D-4658-391884846A46}.Release|Any CPU.Build.0 = Release|Any CPU
		{3F08E638-3827-F95D-4658-391884846A46}.Release|x64.ActiveCfg = Release|Any CPU
		{3F08E638-3827-F95D-4658-391884846A46}.Release|x64.Build.0 = Release|Any CPU
		{3F08E638-3827-F95D-4658-391884846A46}.Release|x86.ActiveCfg = Release|Any CPU
		{3F08E638-3827-F95D-4658-391884846A46}.Release|x86.Build.0 = Release|Any CPU
		{1CAB1398-DFA1-545D-9790-11D6316D35F9}.Debug|Any CPU.ActiveCfg = Debug|Any CPU
		{1CAB1398-DFA1-545D-9790-11D6316D35F9}.Debug|Any CPU.Build.0 = Debug|Any CPU
		{1CAB1398-DFA1-545D-9790-11D6316D35F9}.Debug|x64.ActiveCfg = Debug|Any CPU
		{1CAB1398-DFA1-545D-9790-11D6316D35F9}.Debug|x64.Build.0 = Debug|Any CPU
		{1CAB1398-DFA1-545D-9790-11D6316D35F9}.Debug|x86.ActiveCfg = Debug|Any CPU
		{1CAB1398-DFA1-545D-9790-11D6316D35F9}.Debug|x86.Build.0 = Debug|Any CPU
		{1CAB1398-DFA1-545D-9790-11D6316D35F9}.Release|Any CPU.ActiveCfg = Release|Any CPU
		{1CAB1398-DFA1-545D-9790-11D6316D35F9}.Release|Any CPU.Build.0 = Release|Any CPU
		{1CAB1398-DFA1-545D-9790-11D6316D35F9}.Release|x64.ActiveCfg = Release|Any CPU
		{1CAB1398-DFA1-545D-9790-11D6316D35F9}.Release|x64.Build.0 = Release|Any CPU
		{1CAB1398-DFA1-545D-9790-11D6316D35F9}.Release|x86.ActiveCfg = Release|Any CPU
		{1CAB1398-DFA1-545D-9790-11D6316D35F9}.Release|x86.Build.0 = Release|Any CPU
		{9BD1506C-4C77-40A3-919C-161BD04783DD}.Debug|Any CPU.ActiveCfg = Debug|Any CPU
		{9BD1506C-4C77-40A3-919C-161BD04783DD}.Debug|Any CPU.Build.0 = Debug|Any CPU
		{9BD1506C-4C77-40A3-919C-161BD04783DD}.Debug|x64.ActiveCfg = Debug|Any CPU
		{9BD1506C-4C77-40A3-919C-161BD04783DD}.Debug|x64.Build.0 = Debug|Any CPU
		{9BD1506C-4C77-40A3-919C-161BD04783DD}.Debug|x86.ActiveCfg = Debug|Any CPU
		{9BD1506C-4C77-40A3-919C-161BD04783DD}.Debug|x86.Build.0 = Debug|Any CPU
		{9BD1506C-4C77-40A3-919C-161BD04783DD}.Release|Any CPU.ActiveCfg = Release|Any CPU
		{9BD1506C-4C77-40A3-919C-161BD04783DD}.Release|Any CPU.Build.0 = Release|Any CPU
		{9BD1506C-4C77-40A3-919C-161BD04783DD}.Release|x64.ActiveCfg = Release|Any CPU
		{9BD1506C-4C77-40A3-919C-161BD04783DD}.Release|x64.Build.0 = Release|Any CPU
		{9BD1506C-4C77-40A3-919C-161BD04783DD}.Release|x86.ActiveCfg = Release|Any CPU
		{9BD1506C-4C77-40A3-919C-161BD04783DD}.Release|x86.Build.0 = Release|Any CPU
	EndGlobalSection
	GlobalSection(SolutionProperties) = preSolution
		HideSolutionNode = FALSE
	EndGlobalSection
	GlobalSection(NestedProjects) = preSolution
		{CDA80B57-7D91-35C6-E302-122819F4F514} = {02EA681E-C7D8-13C7-8484-4AC65E1B71E8}
		{A5E57094-A5A8-4B01-AA38-402909D66928} = {CA655281-0D61-4F19-BD47-0435228079BC}
		{5053A9E4-C681-83FE-AEB5-9E7AE482F43E} = {02EA681E-C7D8-13C7-8484-4AC65E1B71E8}
		{50E4B9FA-ABF2-3822-EAB1-3D679F45A0D8} = {02EA681E-C7D8-13C7-8484-4AC65E1B71E8}
		{3F08E638-3827-F95D-4658-391884846A46} = {02EA681E-C7D8-13C7-8484-4AC65E1B71E8}
		{1CAB1398-DFA1-545D-9790-11D6316D35F9} = {02EA681E-C7D8-13C7-8484-4AC65E1B71E8}
		{9BD1506C-4C77-40A3-919C-161BD04783DD} = {02EA681E-C7D8-13C7-8484-4AC65E1B71E8}
	EndGlobalSection
	GlobalSection(ExtensibilityGlobals) = postSolution
		SolutionGuid = {0A06CA57-A0B7-4AE0-BDA8-2822ACD3511D}
	EndGlobalSection
EndGlobal
